
Microsoft Visual Studio Solution File, Format Version 12.00
# Visual Studio Version 17
VisualStudioVersion = 17.13.35919.96
MinimumVisualStudioVersion = 10.0.40219.1
Project("{FAE04EC0-301F-11D3-BF4B-00C04F79EFBC}") = "VideoPlayer", "VideoPlayer.csproj", "{59E3EEF2-E0B5-4C79-85FD-1AD580357899}"
EndProject
Global
	GlobalSection(SolutionConfigurationPlatforms) = preSolution
		Debug|Any CPU = Debug|Any CPU
		Release|Any CPU = Release|Any CPU
	EndGlobalSection
	GlobalSection(ProjectConfigurationPlatforms) = postSolution
		{59E3EEF2-E0B5-4C79-85FD-1AD580357899}.Debug|Any CPU.ActiveCfg = Debug|Any CPU
		{59E3EEF2-E0B5-4C79-85FD-1AD580357899}.Debug|Any CPU.Build.0 = Debug|Any CPU
		{59E3EEF2-E0B5-4C79-85FD-1AD580357899}.Release|Any CPU.ActiveCfg = Release|Any CPU
		{59E3EEF2-E0B5-4C79-85FD-1AD580357899}.Release|Any CPU.Build.0 = Release|Any CPU
	EndGlobalSection
	GlobalSection(SolutionProperties) = preSolution
		HideSolutionNode = FALSE
	EndGlobalSection
	GlobalSection(ExtensibilityGlobals) = postSolution
		SolutionGuid = {86F773D0-BE7C-4D37-BD79-C08E9F2130B2}
	EndGlobalSection
EndGlobal
